
Microsoft Visual Studio Solution File, Format Version 12.00
# Visual Studio Version 16
VisualStudioVersion = 16.0.30611.23
MinimumVisualStudioVersion = 10.0.40219.1
Project("{FAE04EC0-301F-11D3-BF4B-00C04F79EFBC}") = "RCTool_ServerCore", "RCTool_ServerCore.csproj", "{1E4F2438-F31E-4986-AD98-EB87D5E189AA}"
EndProject
Project("{FAE04EC0-301F-11D3-BF4B-00C04F79EFBC}") = "RCTool_ServerWpfUI", "ServerUI\RCTool_ServerWpfUI.csproj", "{36758E84-B735-477B-B622-52AB9B7C94D0}"
EndProject
Project("{FAE04EC0-301F-11D3-BF4B-00C04F79EFBC}") = "UIController", "UIController\UIController.csproj", "{6523D4C8-D349-4FCE-BFB1-4ACE8781C586}"
EndProject
Global
	GlobalSection(SolutionConfigurationPlatforms) = preSolution
		Debug|Any CPU = Debug|Any CPU
		Release|Any CPU = Release|Any CPU
	EndGlobalSection
	GlobalSection(ProjectConfigurationPlatforms) = postSolution
		{1E4F2438-F31E-4986-AD98-EB87D5E189AA}.Debug|Any CPU.ActiveCfg = Debug|Any CPU
		{1E4F2438-F31E-4986-AD98-EB87D5E189AA}.Debug|Any CPU.Build.0 = Debug|Any CPU
		{1E4F2438-F31E-4986-AD98-EB87D5E189AA}.Release|Any CPU.ActiveCfg = Release|Any CPU
		{1E4F2438-F31E-4986-AD98-EB87D5E189AA}.Release|Any CPU.Build.0 = Release|Any CPU
		{36758E84-B735-477B-B622-52AB9B7C94D0}.Debug|Any CPU.ActiveCfg = Debug|Any CPU
		{36758E84-B735-477B-B622-52AB9B7C94D0}.Debug|Any CPU.Build.0 = Debug|Any CPU
		{36758E84-B735-477B-B622-52AB9B7C94D0}.Release|Any CPU.ActiveCfg = Release|Any CPU
		{36758E84-B735-477B-B622-52AB9B7C94D0}.Release|Any CPU.Build.0 = Release|Any CPU
		{6523D4C8-D349-4FCE-BFB1-4ACE8781C586}.Debug|Any CPU.ActiveCfg = Debug|Any CPU
		{6523D4C8-D349-4FCE-BFB1-4ACE8781C586}.Debug|Any CPU.Build.0 = Debug|Any CPU
		{6523D4C8-D349-4FCE-BFB1-4ACE8781C586}.Release|Any CPU.ActiveCfg = Release|Any CPU
		{6523D4C8-D349-4FCE-BFB1-4ACE8781C586}.Release|Any CPU.Build.0 = Release|Any CPU
	EndGlobalSection
	GlobalSection(SolutionProperties) = preSolution
		HideSolutionNode = FALSE
	EndGlobalSection
	GlobalSection(ExtensibilityGlobals) = postSolution
		SolutionGuid = {548E3D6D-1B44-4797-8575-7870ECFB5E7D}
	EndGlobalSection
EndGlobal
